
Microsoft Visual Studio Solution File, Format Version 12.00
# Visual Studio 14
VisualStudioVersion = 14.0.24720.0
MinimumVisualStudioVersion = 10.0.40219.1
Project("{8BC9CEB8-8B4A-11D0-8D11-00A0C91BC942}") = "The-menu-and-toolbar", "The-menu-and-toolbar\The-menu-and-toolbar.vcxproj", "{102DC899-5F1B-437B-964D-8D7099823AFC}"
EndProject
Project("{8BC9CEB8-8B4A-11D0-8D11-00A0C91BC942}") = "First-Dlg-Project", "First-Dlg-Project\First-Dlg-Project.vcxproj", "{3C835D24-EA45-4241-B150-648C3590F0FD}"
EndProject
Project("{8BC9CEB8-8B4A-11D0-8D11-00A0C91BC942}") = "The-menu-and-toolbar-two", "The-menu-and-toolbar-two\The-menu-and-toolbar-two.vcxproj", "{F1D45CF7-11E9-42E3-9981-4DB69D020117}"
EndProject
Global
	GlobalSection(SolutionConfigurationPlatforms) = preSolution
		Debug|x64 = Debug|x64
		Debug|x86 = Debug|x86
		Release|x64 = Release|x64
		Release|x86 = Release|x86
	EndGlobalSection
	GlobalSection(ProjectConfigurationPlatforms) = postSolution
		{102DC899-5F1B-437B-964D-8D7099823AFC}.Debug|x64.ActiveCfg = Debug|x64
		{102DC899-5F1B-437B-964D-8D7099823AFC}.Debug|x64.Build.0 = Debug|x64
		{102DC899-5F1B-437B-964D-8D7099823AFC}.Debug|x86.ActiveCfg = Debug|Win32
		{102DC899-5F1B-437B-964D-8D7099823AFC}.Debug|x86.Build.0 = Debug|Win32
		{102DC899-5F1B-437B-964D-8D7099823AFC}.Release|x64.ActiveCfg = Release|x64
		{102DC899-5F1B-437B-964D-8D7099823AFC}.Release|x64.Build.0 = Release|x64
		{102DC899-5F1B-437B-964D-8D7099823AFC}.Release|x86.ActiveCfg = Release|Win32
		{102DC899-5F1B-437B-964D-8D7099823AFC}.Release|x86.Build.0 = Release|Win32
		{3C835D24-EA45-4241-B150-648C3590F0FD}.Debug|x64.ActiveCfg = Debug|x64
		{3C835D24-EA45-4241-B150-648C3590F0FD}.Debug|x64.Build.0 = Debug|x64
		{3C835D24-EA45-4241-B150-648C3590F0FD}.Debug|x86.ActiveCfg = Debug|Win32
		{3C835D24-EA45-4241-B150-648C3590F0FD}.Debug|x86.Build.0 = Debug|Win32
		{3C835D24-EA45-4241-B150-648C3590F0FD}.Release|x64.ActiveCfg = Release|x64
		{3C835D24-EA45-4241-B150-648C3590F0FD}.Release|x64.Build.0 = Release|x64
		{3C835D24-EA45-4241-B150-648C3590F0FD}.Release|x86.ActiveCfg = Release|Win32
		{3C835D24-EA45-4241-B150-648C3590F0FD}.Release|x86.Build.0 = Release|Win32
		{F1D45CF7-11E9-42E3-9981-4DB69D020117}.Debug|x64.ActiveCfg = Debug|x64
		{F1D45CF7-11E9-42E3-9981-4DB69D020117}.Debug|x64.Build.0 = Debug|x64
		{F1D45CF7-11E9-42E3-9981-4DB69D020117}.Debug|x86.ActiveCfg = Debug|Win32
		{F1D45CF7-11E9-42E3-9981-4DB69D020117}.Debug|x86.Build.0 = Debug|Win32
		{F1D45CF7-11E9-42E3-9981-4DB69D020117}.Release|x64.ActiveCfg = Release|x64
		{F1D45CF7-11E9-42E3-9981-4DB69D020117}.Release|x64.Build.0 = Release|x64
		{F1D45CF7-11E9-42E3-9981-4DB69D020117}.Release|x86.ActiveCfg = Release|Win32
		{F1D45CF7-11E9-42E3-9981-4DB69D020117}.Release|x86.Build.0 = Release|Win32
	EndGlobalSection
	GlobalSection(SolutionProperties) = preSolution
		HideSolutionNode = FALSE
	EndGlobalSection
EndGlobal
